
Microsoft Visual Studio Solution File, Format Version 12.00
# Visual Studio Version 17
VisualStudioVersion = 17.4.33122.133
MinimumVisualStudioVersion = 10.0.40219.1
Project("{FAE04EC0-301F-11D3-BF4B-00C04F79EFBC}") = "task 14.12.22", "task 14.12.22\task 14.12.22.csproj", "{4BC5E1EC-393E-4BF5-A727-1B0EDCB8B080}"
EndProject
Global
	GlobalSection(SolutionConfigurationPlatforms) = preSolution
		Debug|Any CPU = Debug|Any CPU
		Release|Any CPU = Release|Any CPU
	EndGlobalSection
	GlobalSection(ProjectConfigurationPlatforms) = postSolution
		{4BC5E1EC-393E-4BF5-A727-1B0EDCB8B080}.Debug|Any CPU.ActiveCfg = Debug|Any CPU
		{4BC5E1EC-393E-4BF5-A727-1B0EDCB8B080}.Debug|Any CPU.Build.0 = Debug|Any CPU
		{4BC5E1EC-393E-4BF5-A727-1B0EDCB8B080}.Release|Any CPU.ActiveCfg = Release|Any CPU
		{4BC5E1EC-393E-4BF5-A727-1B0EDCB8B080}.Release|Any CPU.Build.0 = Release|Any CPU
	EndGlobalSection
	GlobalSection(SolutionProperties) = preSolution
		HideSolutionNode = FALSE
	EndGlobalSection
	GlobalSection(ExtensibilityGlobals) = postSolution
		SolutionGuid = {DB6353B1-63F4-4A24-8503-37DF8AD5632A}
	EndGlobalSection
EndGlobal
