
Microsoft Visual Studio Solution File, Format Version 12.00
# Visual Studio Version 17
VisualStudioVersion = 17.4.33122.133
MinimumVisualStudioVersion = 10.0.40219.1
Project("{FAE04EC0-301F-11D3-BF4B-00C04F79EFBC}") = "13.13.2022 task5", "13.13.2022 task5\13.13.2022 task5.csproj", "{CE01281D-9637-4829-A267-29674BC8E117}"
EndProject
Global
	GlobalSection(SolutionConfigurationPlatforms) = preSolution
		Debug|Any CPU = Debug|Any CPU
		Release|Any CPU = Release|Any CPU
	EndGlobalSection
	GlobalSection(ProjectConfigurationPlatforms) = postSolution
		{CE01281D-9637-4829-A267-29674BC8E117}.Debug|Any CPU.ActiveCfg = Debug|Any CPU
		{CE01281D-9637-4829-A267-29674BC8E117}.Debug|Any CPU.Build.0 = Debug|Any CPU
		{CE01281D-9637-4829-A267-29674BC8E117}.Release|Any CPU.ActiveCfg = Release|Any CPU
		{CE01281D-9637-4829-A267-29674BC8E117}.Release|Any CPU.Build.0 = Release|Any CPU
	EndGlobalSection
	GlobalSection(SolutionProperties) = preSolution
		HideSolutionNode = FALSE
	EndGlobalSection
	GlobalSection(ExtensibilityGlobals) = postSolution
		SolutionGuid = {18AA2931-C5EB-41A5-A920-AD5A04D6FFCF}
	EndGlobalSection
EndGlobal
